// !$*UTF8*$!
{
	archiveVersion = 1;
	classes = {
	};
	objectVersion = 55;
	objects = {

/* Begin PBXBuildFile section */
		B6354EB6280A5DDF00A23E63 /* dotProduct .swift in Sources */ = {isa = PBXBuildFile; fileRef = B6354EB5280A5DDF00A23E63 /* dotProduct .swift */; };
		B659BC2D28086208008A560E /* main.swift in Sources */ = {isa = PBXBuildFile; fileRef = B659BC2C28086208008A560E /* main.swift */; };
		B659BC3528086C26008A560E /* addTwoNumber.swift in Sources */ = {isa = PBXBuildFile; fileRef = B659BC3328086219008A560E /* addTwoNumber.swift */; };
		B65B9D18280D91C600AE263F /* FindElementInArray.swift in Sources */ = {isa = PBXBuildFile; fileRef = B65B9D17280D91C600AE263F /* FindElementInArray.swift */; };
		B65B9D1B280D93DA00AE263F /* StringContain.swift in Sources */ = {isa = PBXBuildFile; fileRef = B65B9D1A280D93DA00AE263F /* StringContain.swift */; };
		B6C814D32810574C0083A767 /* DescSorting.swift in Sources */ = {isa = PBXBuildFile; fileRef = B6C814D22810574C0083A767 /* DescSorting.swift */; };
		B6CE2A80280C1827005124AB /* SeparateByEmpty.swift in Sources */ = {isa = PBXBuildFile; fileRef = B6CE2A7F280C1827005124AB /* SeparateByEmpty.swift */; };
		B6CE2A82280C1B7C005124AB /* addDigits.swift in Sources */ = {isa = PBXBuildFile; fileRef = B6CE2A81280C1B7C005124AB /* addDigits.swift */; };
/* End PBXBuildFile section */

/* Begin PBXCopyFilesBuildPhase section */
		B659BC2728086208008A560E /* CopyFiles */ = {
			isa = PBXCopyFilesBuildPhase;
			buildActionMask = 2147483647;
			dstPath = /usr/share/man/man1/;
			dstSubfolderSpec = 0;
			files = (
			);
			runOnlyForDeploymentPostprocessing = 1;
		};
/* End PBXCopyFilesBuildPhase section */

/* Begin PBXFileReference section */
		B6354EB2280A5D2E00A23E63 /* StringToInt.swift */ = {isa = PBXFileReference; lastKnownFileType = sourcecode.swift; path = StringToInt.swift; sourceTree = "<group>"; };
		B6354EB5280A5DDF00A23E63 /* dotProduct .swift */ = {isa = PBXFileReference; lastKnownFileType = sourcecode.swift; path = "dotProduct .swift"; sourceTree = "<group>"; };
		B659BC2928086208008A560E /* SwiftAgorithmNote */ = {isa = PBXFileReference; explicitFileType = "compiled.mach-o.executable"; includeInIndex = 0; path = SwiftAgorithmNote; sourceTree = BUILT_PRODUCTS_DIR; };
		B659BC2C28086208008A560E /* main.swift */ = {isa = PBXFileReference; lastKnownFileType = sourcecode.swift; path = main.swift; sourceTree = "<group>"; };
		B659BC3328086219008A560E /* addTwoNumber.swift */ = {isa = PBXFileReference; lastKnownFileType = sourcecode.swift; path = addTwoNumber.swift; sourceTree = "<group>"; };
		B65B9D17280D91C600AE263F /* FindElementInArray.swift */ = {isa = PBXFileReference; lastKnownFileType = sourcecode.swift; path = FindElementInArray.swift; sourceTree = "<group>"; };
		B65B9D1A280D93DA00AE263F /* StringContain.swift */ = {isa = PBXFileReference; lastKnownFileType = sourcecode.swift; path = StringContain.swift; sourceTree = "<group>"; };
		B6C814D22810574C0083A767 /* DescSorting.swift */ = {isa = PBXFileReference; lastKnownFileType = sourcecode.swift; path = DescSorting.swift; sourceTree = "<group>"; };
		B6CE2A7F280C1827005124AB /* SeparateByEmpty.swift */ = {isa = PBXFileReference; lastKnownFileType = sourcecode.swift; path = SeparateByEmpty.swift; sourceTree = "<group>"; };
		B6CE2A81280C1B7C005124AB /* addDigits.swift */ = {isa = PBXFileReference; lastKnownFileType = sourcecode.swift; path = addDigits.swift; sourceTree = "<group>"; };
/* End PBXFileReference section */

/* Begin PBXFrameworksBuildPhase section */
		B659BC2628086208008A560E /* Frameworks */ = {
			isa = PBXFrameworksBuildPhase;
			buildActionMask = 2147483647;
			files = (
			);
			runOnlyForDeploymentPostprocessing = 0;
		};
/* End PBXFrameworksBuildPhase section */

/* Begin PBXGroup section */
		B6354EB0280A5D1100A23E63 /* Programmars */ = {
			isa = PBXGroup;
			children = (
				B6354EB1280A5D1A00A23E63 /* Level1 */,
			);
			path = Programmars;
			sourceTree = "<group>";
		};
		B6354EB1280A5D1A00A23E63 /* Level1 */ = {
			isa = PBXGroup;
			children = (
				B65B9D19280D93C300AE263F /* StringBasic */,
				B6354EB5280A5DDF00A23E63 /* dotProduct .swift */,
				B6CE2A7F280C1827005124AB /* SeparateByEmpty.swift */,
				B6CE2A81280C1B7C005124AB /* addDigits.swift */,
				B65B9D17280D91C600AE263F /* FindElementInArray.swift */,
				B6C814D22810574C0083A767 /* DescSorting.swift */,
			);
			path = Level1;
			sourceTree = "<group>";
		};
		B659BC2028086208008A560E = {
			isa = PBXGroup;
			children = (
				B659BC2B28086208008A560E /* SwiftAgorithmNote */,
				B659BC2A28086208008A560E /* Products */,
			);
			sourceTree = "<group>";
		};
		B659BC2A28086208008A560E /* Products */ = {
			isa = PBXGroup;
			children = (
				B659BC2928086208008A560E /* SwiftAgorithmNote */,
			);
			name = Products;
			sourceTree = "<group>";
		};
		B659BC2B28086208008A560E /* SwiftAgorithmNote */ = {
			isa = PBXGroup;
			children = (
				B6354EB0280A5D1100A23E63 /* Programmars */,
				B659BC3828086DDC008A560E /* Prime */,
				B659BC3728086DD8008A560E /* Stack */,
				B659BC3628086DD2008A560E /* Calcuate */,
				B659BC2C28086208008A560E /* main.swift */,
				B659BC3328086219008A560E /* addTwoNumber.swift */,
			);
			path = SwiftAgorithmNote;
			sourceTree = "<group>";
		};
		B659BC3628086DD2008A560E /* Calcuate */ = {
			isa = PBXGroup;
			children = (
			);
			path = Calcuate;
			sourceTree = "<group>";
		};
		B659BC3728086DD8008A560E /* Stack */ = {
			isa = PBXGroup;
			children = (
			);
			path = Stack;
			sourceTree = "<group>";
		};
		B659BC3828086DDC008A560E /* Prime */ = {
			isa = PBXGroup;
			children = (
			);
			path = Prime;
			sourceTree = "<group>";
		};
		B65B9D19280D93C300AE263F /* StringBasic */ = {
			isa = PBXGroup;
			children = (
				B6354EB2280A5D2E00A23E63 /* StringToInt.swift */,
				B65B9D1A280D93DA00AE263F /* StringContain.swift */,
			);
			path = StringBasic;
			sourceTree = "<group>";
		};
/* End PBXGroup section */

/* Begin PBXNativeTarget section */
		B659BC2828086208008A560E /* SwiftAgorithmNote */ = {
			isa = PBXNativeTarget;
			buildConfigurationList = B659BC3028086208008A560E /* Build configuration list for PBXNativeTarget "SwiftAgorithmNote" */;
			buildPhases = (
				B659BC2528086208008A560E /* Sources */,
				B659BC2628086208008A560E /* Frameworks */,
				B659BC2728086208008A560E /* CopyFiles */,
			);
			buildRules = (
			);
			dependencies = (
			);
			name = SwiftAgorithmNote;
			productName = SwiftAgorithmNote;
			productReference = B659BC2928086208008A560E /* SwiftAgorithmNote */;
			productType = "com.apple.product-type.tool";
		};
/* End PBXNativeTarget section */

/* Begin PBXProject section */
		B659BC2128086208008A560E /* Project object */ = {
			isa = PBXProject;
			attributes = {
				BuildIndependentTargetsInParallel = 1;
				LastSwiftUpdateCheck = 1330;
				LastUpgradeCheck = 1330;
				TargetAttributes = {
					B659BC2828086208008A560E = {
						CreatedOnToolsVersion = 13.3;
					};
				};
			};
			buildConfigurationList = B659BC2428086208008A560E /* Build configuration list for PBXProject "SwiftAgorithmNote" */;
			compatibilityVersion = "Xcode 13.0";
			developmentRegion = en;
			hasScannedForEncodings = 0;
			knownRegions = (
				en,
				Base,
			);
			mainGroup = B659BC2028086208008A560E;
			productRefGroup = B659BC2A28086208008A560E /* Products */;
			projectDirPath = "";
			projectRoot = "";
			targets = (
				B659BC2828086208008A560E /* SwiftAgorithmNote */,
			);
		};
/* End PBXProject section */

/* Begin PBXSourcesBuildPhase section */
		B659BC2528086208008A560E /* Sources */ = {
			isa = PBXSourcesBuildPhase;
			buildActionMask = 2147483647;
			files = (
				B6354EB6280A5DDF00A23E63 /* dotProduct .swift in Sources */,
				B6C814D32810574C0083A767 /* DescSorting.swift in Sources */,
				B659BC2D28086208008A560E /* main.swift in Sources */,
				B659BC3528086C26008A560E /* addTwoNumber.swift in Sources */,
				B6CE2A82280C1B7C005124AB /* addDigits.swift in Sources */,
				B65B9D18280D91C600AE263F /* FindElementInArray.swift in Sources */,
				B6CE2A80280C1827005124AB /* SeparateByEmpty.swift in Sources */,
				B65B9D1B280D93DA00AE263F /* StringContain.swift in Sources */,
			);
			runOnlyForDeploymentPostprocessing = 0;
		};
/* End PBXSourcesBuildPhase section */

/* Begin XCBuildConfiguration section */
		B659BC2E28086208008A560E /* Debug */ = {
			isa = XCBuildConfiguration;
			buildSettings = {
				ALWAYS_SEARCH_USER_PATHS = NO;
				CLANG_ANALYZER_NONNULL = YES;
				CLANG_ANALYZER_NUMBER_OBJECT_CONVERSION = YES_AGGRESSIVE;
				CLANG_CXX_LANGUAGE_STANDARD = "gnu++17";
				CLANG_ENABLE_MODULES = YES;
				CLANG_ENABLE_OBJC_ARC = YES;
				CLANG_ENABLE_OBJC_WEAK = YES;
				CLANG_WARN_BLOCK_CAPTURE_AUTORELEASING = YES;
				CLANG_WARN_BOOL_CONVERSION = YES;
				CLANG_WARN_COMMA = YES;
				CLANG_WARN_CONSTANT_CONVERSION = YES;
				CLANG_WARN_DEPRECATED_OBJC_IMPLEMENTATIONS = YES;
				CLANG_WARN_DIRECT_OBJC_ISA_USAGE = YES_ERROR;
				CLANG_WARN_DOCUMENTATION_COMMENTS = YES;
				CLANG_WARN_EMPTY_BODY = YES;
				CLANG_WARN_ENUM_CONVERSION = YES;
				CLANG_WARN_INFINITE_RECURSION = YES;
				CLANG_WARN_INT_CONVERSION = YES;
				CLANG_WARN_NON_LITERAL_NULL_CONVERSION = YES;
				CLANG_WARN_OBJC_IMPLICIT_RETAIN_SELF = YES;
				CLANG_WARN_OBJC_LITERAL_CONVERSION = YES;
				CLANG_WARN_OBJC_ROOT_CLASS = YES_ERROR;
				CLANG_WARN_QUOTED_INCLUDE_IN_FRAMEWORK_HEADER = YES;
				CLANG_WARN_RANGE_LOOP_ANALYSIS = YES;
				CLANG_WARN_STRICT_PROTOTYPES = YES;
				CLANG_WARN_SUSPICIOUS_MOVE = YES;
				CLANG_WARN_UNGUARDED_AVAILABILITY = YES_AGGRESSIVE;
				CLANG_WARN_UNREACHABLE_CODE = YES;
				CLANG_WARN__DUPLICATE_METHOD_MATCH = YES;
				COPY_PHASE_STRIP = NO;
				DEBUG_INFORMATION_FORMAT = dwarf;
				ENABLE_STRICT_OBJC_MSGSEND = YES;
				ENABLE_TESTABILITY = YES;
				GCC_C_LANGUAGE_STANDARD = gnu11;
				GCC_DYNAMIC_NO_PIC = NO;
				GCC_NO_COMMON_BLOCKS = YES;
				GCC_OPTIMIZATION_LEVEL = 0;
				GCC_PREPROCESSOR_DEFINITIONS = (
					"DEBUG=1",
					"$(inherited)",
				);
				GCC_WARN_64_TO_32_BIT_CONVERSION = YES;
				GCC_WARN_ABOUT_RETURN_TYPE = YES_ERROR;
				GCC_WARN_UNDECLARED_SELECTOR = YES;
				GCC_WARN_UNINITIALIZED_AUTOS = YES_AGGRESSIVE;
				GCC_WARN_UNUSED_FUNCTION = YES;
				GCC_WARN_UNUSED_VARIABLE = YES;
				MACOSX_DEPLOYMENT_TARGET = 12.3;
				MTL_ENABLE_DEBUG_INFO = INCLUDE_SOURCE;
				MTL_FAST_MATH = YES;
				ONLY_ACTIVE_ARCH = YES;
				SDKROOT = macosx;
				SWIFT_ACTIVE_COMPILATION_CONDITIONS = DEBUG;
				SWIFT_OPTIMIZATION_LEVEL = "-Onone";
			};
			name = Debug;
		};
		B659BC2F28086208008A560E /* Release */ = {
			isa = XCBuildConfiguration;
			buildSettings = {
				ALWAYS_SEARCH_USER_PATHS = NO;
				CLANG_ANALYZER_NONNULL = YES;
				CLANG_ANALYZER_NUMBER_OBJECT_CONVERSION = YES_AGGRESSIVE;
				CLANG_CXX_LANGUAGE_STANDARD = "gnu++17";
				CLANG_ENABLE_MODULES = YES;
				CLANG_ENABLE_OBJC_ARC = YES;
				CLANG_ENABLE_OBJC_WEAK = YES;
				CLANG_WARN_BLOCK_CAPTURE_AUTORELEASING = YES;
				CLANG_WARN_BOOL_CONVERSION = YES;
				CLANG_WARN_COMMA = YES;
				CLANG_WARN_CONSTANT_CONVERSION = YES;
				CLANG_WARN_DEPRECATED_OBJC_IMPLEMENTATIONS = YES;
				CLANG_WARN_DIRECT_OBJC_ISA_USAGE = YES_ERROR;
				CLANG_WARN_DOCUMENTATION_COMMENTS = YES;
				CLANG_WARN_EMPTY_BODY = YES;
				CLANG_WARN_ENUM_CONVERSION = YES;
				CLANG_WARN_INFINITE_RECURSION = YES;
				CLANG_WARN_INT_CONVERSION = YES;
				CLANG_WARN_NON_LITERAL_NULL_CONVERSION = YES;
				CLANG_WARN_OBJC_IMPLICIT_RETAIN_SELF = YES;
				CLANG_WARN_OBJC_LITERAL_CONVERSION = YES;
				CLANG_WARN_OBJC_ROOT_CLASS = YES_ERROR;
				CLANG_WARN_QUOTED_INCLUDE_IN_FRAMEWORK_HEADER = YES;
				CLANG_WARN_RANGE_LOOP_ANALYSIS = YES;
				CLANG_WARN_STRICT_PROTOTYPES = YES;
				CLANG_WARN_SUSPICIOUS_MOVE = YES;
				CLANG_WARN_UNGUARDED_AVAILABILITY = YES_AGGRESSIVE;
				CLANG_WARN_UNREACHABLE_CODE = YES;
				CLANG_WARN__DUPLICATE_METHOD_MATCH = YES;
				COPY_PHASE_STRIP = NO;
				DEBUG_INFORMATION_FORMAT = "dwarf-with-dsym";
				ENABLE_NS_ASSERTIONS = NO;
				ENABLE_STRICT_OBJC_MSGSEND = YES;
				GCC_C_LANGUAGE_STANDARD = gnu11;
				GCC_NO_COMMON_BLOCKS = YES;
				GCC_WARN_64_TO_32_BIT_CONVERSION = YES;
				GCC_WARN_ABOUT_RETURN_TYPE = YES_ERROR;
				GCC_WARN_UNDECLARED_SELECTOR = YES;
				GCC_WARN_UNINITIALIZED_AUTOS = YES_AGGRESSIVE;
				GCC_WARN_UNUSED_FUNCTION = YES;
				GCC_WARN_UNUSED_VARIABLE = YES;
				MACOSX_DEPLOYMENT_TARGET = 12.3;
				MTL_ENABLE_DEBUG_INFO = NO;
				MTL_FAST_MATH = YES;
				SDKROOT = macosx;
				SWIFT_COMPILATION_MODE = wholemodule;
				SWIFT_OPTIMIZATION_LEVEL = "-O";
			};
			name = Release;
		};
		B659BC3128086208008A560E /* Debug */ = {
			isa = XCBuildConfiguration;
			buildSettings = {
				CODE_SIGN_STYLE = Automatic;
				DEVELOPMENT_TEAM = FUV2GHVQ46;
				ENABLE_HARDENED_RUNTIME = YES;
				PRODUCT_NAME = "$(TARGET_NAME)";
				SWIFT_VERSION = 5.0;
			};
			name = Debug;
		};
		B659BC3228086208008A560E /* Release */ = {
			isa = XCBuildConfiguration;
			buildSettings = {
				CODE_SIGN_STYLE = Automatic;
				DEVELOPMENT_TEAM = FUV2GHVQ46;
				ENABLE_HARDENED_RUNTIME = YES;
				PRODUCT_NAME = "$(TARGET_NAME)";
				SWIFT_VERSION = 5.0;
			};
			name = Release;
		};
/* End XCBuildConfiguration section */

/* Begin XCConfigurationList section */
		B659BC2428086208008A560E /* Build configuration list for PBXProject "SwiftAgorithmNote" */ = {
			isa = XCConfigurationList;
			buildConfigurations = (
				B659BC2E28086208008A560E /* Debug */,
				B659BC2F28086208008A560E /* Release */,
			);
			defaultConfigurationIsVisible = 0;
			defaultConfigurationName = Release;
		};
		B659BC3028086208008A560E /* Build configuration list for PBXNativeTarget "SwiftAgorithmNote" */ = {
			isa = XCConfigurationList;
			buildConfigurations = (
				B659BC3128086208008A560E /* Debug */,
				B659BC3228086208008A560E /* Release */,
			);
			defaultConfigurationIsVisible = 0;
			defaultConfigurationName = Release;
		};
/* End XCConfigurationList section */
	};
	rootObject = B659BC2128086208008A560E /* Project object */;
}
